
Microsoft Visual Studio Solution File, Format Version 12.00
# Visual Studio Version 17
VisualStudioVersion = 17.8.34330.188
MinimumVisualStudioVersion = 10.0.40219.1
Project("{FAE04EC0-301F-11D3-BF4B-00C04F79EFBC}") = "coffeeshop", "coffeeshop\coffeeshop.csproj", "{90A14AAB-B2C7-4531-B158-5D1E19354174}"
EndProject
Global
	GlobalSection(SolutionConfigurationPlatforms) = preSolution
		Debug|Any CPU = Debug|Any CPU
		Release|Any CPU = Release|Any CPU
	EndGlobalSection
	GlobalSection(ProjectConfigurationPlatforms) = postSolution
		{90A14AAB-B2C7-4531-B158-5D1E19354174}.Debug|Any CPU.ActiveCfg = Debug|Any CPU
		{90A14AAB-B2C7-4531-B158-5D1E19354174}.Debug|Any CPU.Build.0 = Debug|Any CPU
		{90A14AAB-B2C7-4531-B158-5D1E19354174}.Release|Any CPU.ActiveCfg = Release|Any CPU
		{90A14AAB-B2C7-4531-B158-5D1E19354174}.Release|Any CPU.Build.0 = Release|Any CPU
	EndGlobalSection
	GlobalSection(SolutionProperties) = preSolution
		HideSolutionNode = FALSE
	EndGlobalSection
	GlobalSection(ExtensibilityGlobals) = postSolution
		SolutionGuid = {435A83BB-5265-473C-B899-B9A9C9755295}
	EndGlobalSection
EndGlobal
